hash: 7982445a3cefebc316723d41344d9253e8391bb69c64dbd8d4a1b7552961cb50
updated: 2019-03-06T16:52:51.338897-08:00
imports:
- name: github.com/aws/aws-sdk-go
  version: 6ff66bb2b8ac90ac25b1dbbf9806f09651630789
  subpackages:
  - aws
  - aws/awserr
  - aws/awsutil
  - aws/client
  - aws/client/metadata
  - aws/corehandlers
  - aws/credentials
  - aws/credentials/ec2rolecreds
  - aws/credentials/endpointcreds
  - aws/credentials/processcreds
  - aws/credentials/stscreds
  - aws/csm
  - aws/defaults
  - aws/ec2metadata
  - aws/endpoints
  - aws/request
  - aws/session
  - aws/signer/v4
  - internal/ini
  - internal/sdkio
  - internal/sdkrand
  - internal/sdkuri
  - internal/shareddefaults
  - private/protocol
  - private/protocol/json/jsonutil
  - private/protocol/jsonrpc
  - private/protocol/query
  - private/protocol/query/queryutil
  - private/protocol/rest
  - private/protocol/restjson
  - private/protocol/xml/xmlutil
  - service/sts
  - service/xray
- name: github.com/cihub/seelog
  version: d2c6e5aa9fbfdd1c624e140287063c7730654115
- name: github.com/DATA-DOG/go-sqlmock
  version: b983233bc0bbea4dc6e8ec8c8c923d935765ffec
- name: github.com/jmespath/go-jmespath
  version: c2b33e8439af944379acbdd9c3a5fe0bc44bd8a5
- name: github.com/pkg/errors
  version: ba968bfe8b2f7e042a574c888954fccecfa385b4
- name: github.com/stretchr/testify
  version: 69483b4bd14f5845b5a1e55bca19e954e827f1d0
  subpackages:
  - assert
  - require
  - suite
testImports:
- name: github.com/davecgh/go-spew
  version: 6d212800a42e8ab5c146b8ace3490ee17e5225f9
  subpackages:
  - spew
- name: github.com/pmezard/go-difflib
  version: d8ed2627bdf02c080bf22230dbb337003b7aba2d
  subpackages:
  - difflib
- name: golang.org/x/net
  version: 16b79f2e4e95ea23b2bf9903c9809ff7b013ce85
  subpackages:
  - http/httpguts
  - http2
  - http2/hpack
  - idna
- name: golang.org/x/text
  version: 5d731a35f4867878fc89f7744f7b6debb3beded6
  subpackages:
  - secure/bidirule
  - transform
  - unicode/bidi
  - unicode/norm
